
Microsoft Visual Studio Solution File, Format Version 12.00
# Visual Studio Version 16
VisualStudioVersion = 16.0.32106.194
MinimumVisualStudioVersion = 10.0.40219.1
Project("{FAE04EC0-301F-11D3-BF4B-00C04F79EFBC}") = "YtStream", "YtStream\YtStream.csproj", "{BACC38B1-C579-4414-B6C1-F2546132DEC0}"
EndProject
Global
	GlobalSection(SolutionConfigurationPlatforms) = preSolution
		Debug|Any CPU = Debug|Any CPU
		Release|Any CPU = Release|Any CPU
	EndGlobalSection
	GlobalSection(ProjectConfigurationPlatforms) = postSolution
		{BACC38B1-C579-4414-B6C1-F2546132DEC0}.Debug|Any CPU.ActiveCfg = Debug|Any CPU
		{BACC38B1-C579-4414-B6C1-F2546132DEC0}.Debug|Any CPU.Build.0 = Debug|Any CPU
		{BACC38B1-C579-4414-B6C1-F2546132DEC0}.Release|Any CPU.ActiveCfg = Release|Any CPU
		{BACC38B1-C579-4414-B6C1-F2546132DEC0}.Release|Any CPU.Build.0 = Release|Any CPU
	EndGlobalSection
	GlobalSection(SolutionProperties) = preSolution
		HideSolutionNode = FALSE
	EndGlobalSection
	GlobalSection(ExtensibilityGlobals) = postSolution
		SolutionGuid = {CC6A47EF-ADA4-453C-8416-23000AFCDD5C}
	EndGlobalSection
EndGlobal
